
Microsoft Visual Studio Solution File, Format Version 12.00
# Visual Studio Version 16
VisualStudioVersion = 16.0.31005.135
MinimumVisualStudioVersion = 10.0.40219.1
Project("{FAE04EC0-301F-11D3-BF4B-00C04F79EFBC}") = "PersonToken", "PersonToken\PersonToken.csproj", "{2B468D79-48AB-4A88-9634-2197443FD38B}"
EndProject
Global
	GlobalSection(SolutionConfigurationPlatforms) = preSolution
		Debug|Any CPU = Debug|Any CPU
		Release|Any CPU = Release|Any CPU
	EndGlobalSection
	GlobalSection(ProjectConfigurationPlatforms) = postSolution
		{2B468D79-48AB-4A88-9634-2197443FD38B}.Debug|Any CPU.ActiveCfg = Debug|Any CPU
		{2B468D79-48AB-4A88-9634-2197443FD38B}.Debug|Any CPU.Build.0 = Debug|Any CPU
		{2B468D79-48AB-4A88-9634-2197443FD38B}.Release|Any CPU.ActiveCfg = Release|Any CPU
		{2B468D79-48AB-4A88-9634-2197443FD38B}.Release|Any CPU.Build.0 = Release|Any CPU
	EndGlobalSection
	GlobalSection(SolutionProperties) = preSolution
		HideSolutionNode = FALSE
	EndGlobalSection
	GlobalSection(ExtensibilityGlobals) = postSolution
		SolutionGuid = {DCB97AEF-9FFD-410D-806D-6975B49B81A3}
	EndGlobalSection
EndGlobal
